
Microsoft Visual Studio Solution File, Format Version 12.00
# Visual Studio Version 17
VisualStudioVersion = 17.4.33110.190
MinimumVisualStudioVersion = 10.0.40219.1
Project("{8BC9CEB8-8B4A-11D0-8D11-00A0C91BC942}") = "POC - HOOKING DRIVER", "POC - HOOKING DRIVER\POC - HOOKING DRIVER.vcxproj", "{DEF2C1FE-8FA8-42EC-B85E-3D712B13E86A}"
EndProject
Global
	GlobalSection(SolutionConfigurationPlatforms) = preSolution
		Debug|ARM64 = Debug|ARM64
		Debug|x64 = Debug|x64
		Debug|x86 = Debug|x86
		Release|ARM64 = Release|ARM64
		Release|x64 = Release|x64
		Release|x86 = Release|x86
	EndGlobalSection
	GlobalSection(ProjectConfigurationPlatforms) = postSolution
		{DEF2C1FE-8FA8-42EC-B85E-3D712B13E86A}.Debug|ARM64.ActiveCfg = Debug|ARM64
		{DEF2C1FE-8FA8-42EC-B85E-3D712B13E86A}.Debug|ARM64.Build.0 = Debug|ARM64
		{DEF2C1FE-8FA8-42EC-B85E-3D712B13E86A}.Debug|ARM64.Deploy.0 = Debug|ARM64
		{DEF2C1FE-8FA8-42EC-B85E-3D712B13E86A}.Debug|x64.ActiveCfg = Debug|x64
		{DEF2C1FE-8FA8-42EC-B85E-3D712B13E86A}.Debug|x64.Build.0 = Debug|x64
		{DEF2C1FE-8FA8-42EC-B85E-3D712B13E86A}.Debug|x64.Deploy.0 = Debug|x64
		{DEF2C1FE-8FA8-42EC-B85E-3D712B13E86A}.Debug|x86.ActiveCfg = Debug|x64
		{DEF2C1FE-8FA8-42EC-B85E-3D712B13E86A}.Debug|x86.Build.0 = Debug|x64
		{DEF2C1FE-8FA8-42EC-B85E-3D712B13E86A}.Debug|x86.Deploy.0 = Debug|x64
		{DEF2C1FE-8FA8-42EC-B85E-3D712B13E86A}.Release|ARM64.ActiveCfg = Release|ARM64
		{DEF2C1FE-8FA8-42EC-B85E-3D712B13E86A}.Release|ARM64.Build.0 = Release|ARM64
		{DEF2C1FE-8FA8-42EC-B85E-3D712B13E86A}.Release|ARM64.Deploy.0 = Release|ARM64
		{DEF2C1FE-8FA8-42EC-B85E-3D712B13E86A}.Release|x64.ActiveCfg = Release|x64
		{DEF2C1FE-8FA8-42EC-B85E-3D712B13E86A}.Release|x64.Build.0 = Release|x64
		{DEF2C1FE-8FA8-42EC-B85E-3D712B13E86A}.Release|x64.Deploy.0 = Release|x64
		{DEF2C1FE-8FA8-42EC-B85E-3D712B13E86A}.Release|x86.ActiveCfg = Release|x64
		{DEF2C1FE-8FA8-42EC-B85E-3D712B13E86A}.Release|x86.Build.0 = Release|x64
		{DEF2C1FE-8FA8-42EC-B85E-3D712B13E86A}.Release|x86.Deploy.0 = Release|x64
	EndGlobalSection
	GlobalSection(SolutionProperties) = preSolution
		HideSolutionNode = FALSE
	EndGlobalSection
	GlobalSection(ExtensibilityGlobals) = postSolution
		SolutionGuid = {E0E9B8A1-978E-498F-B629-E12AC85C7D53}
	EndGlobalSection
EndGlobal
